
Microsoft Visual Studio Solution File, Format Version 12.00
# Visual Studio Version 16
VisualStudioVersion = 16.0.29728.190
MinimumVisualStudioVersion = 10.0.40219.1
Project("{FAE04EC0-301F-11D3-BF4B-00C04F79EFBC}") = "JsonToForm", "JsonToForm\JsonToForm.csproj", "{EC6FE06B-C9F8-4B6B-9706-458446657EFC}"
EndProject
Global
	GlobalSection(SolutionConfigurationPlatforms) = preSolution
		Debug|Any CPU = Debug|Any CPU
		Release|Any CPU = Release|Any CPU
	EndGlobalSection
	GlobalSection(ProjectConfigurationPlatforms) = postSolution
		{EC6FE06B-C9F8-4B6B-9706-458446657EFC}.Debug|Any CPU.ActiveCfg = Debug|Any CPU
		{EC6FE06B-C9F8-4B6B-9706-458446657EFC}.Debug|Any CPU.Build.0 = Debug|Any CPU
		{EC6FE06B-C9F8-4B6B-9706-458446657EFC}.Release|Any CPU.ActiveCfg = Release|Any CPU
		{EC6FE06B-C9F8-4B6B-9706-458446657EFC}.Release|Any CPU.Build.0 = Release|Any CPU
	EndGlobalSection
	GlobalSection(SolutionProperties) = preSolution
		HideSolutionNode = FALSE
	EndGlobalSection
	GlobalSection(ExtensibilityGlobals) = postSolution
		SolutionGuid = {8371DA24-B37D-4513-8E30-5CE08684C91A}
	EndGlobalSection
EndGlobal
